
Microsoft Visual Studio Solution File, Format Version 12.00
# Visual Studio Version 16
VisualStudioVersion = 16.0.29926.136
MinimumVisualStudioVersion = 10.0.40219.1
Project("{9A19103F-16F7-4668-BE54-9A1E7A4F7556}") = "MSFSTouchPortalPlugin", "MSFSTouchPortalPlugin\MSFSTouchPortalPlugin.csproj", "{D3F1B2FB-0846-4003-8D2E-355273668F37}"
EndProject
Project("{9A19103F-16F7-4668-BE54-9A1E7A4F7556}") = "MSFSTouchPortalPlugin-Generator", "MSFSTouchPortalPlugin-Generator\MSFSTouchPortalPlugin-Generator.csproj", "{53A38611-6486-4FF5-8637-1C6BC38A6A18}"
EndProject
Project("{9A19103F-16F7-4668-BE54-9A1E7A4F7556}") = "TouchPortalExtension", "TouchPortalExtension\TouchPortalExtension.csproj", "{C217E7C3-4A14-457E-ABC8-180546369646}"
EndProject
Project("{2150E333-8FDC-42A3-9474-1A3956D46DE8}") = "Solution Items", "Solution Items", "{6DF0C85E-3EB4-4898-A304-EFA04CB547A6}"
	ProjectSection(SolutionItems) = preProject
		.gitignore = .gitignore
		actions = actions
		airplane_takeoff1600.png = airplane_takeoff1600.png
		airplane_takeoff24.png = airplane_takeoff24.png
		build.ps1 = build.ps1
		CHANGELOG.md = CHANGELOG.md
		CODE_OF_CONDUCT.md = CODE_OF_CONDUCT.md
		DOCUMENTATION.md = DOCUMENTATION.md
		entry.tp = entry.tp
		LICENSE = LICENSE
		publish.ps1 = publish.ps1
		README.md = README.md
		states = states
	EndProjectSection
EndProject
Project("{9A19103F-16F7-4668-BE54-9A1E7A4F7556}") = "MSFSTouchPortalPlugin-Tests", "MSFSTouchPortalPlugin-Tests\MSFSTouchPortalPlugin-Tests.csproj", "{3A7D5537-16CD-4F3B-9630-CE480C1D30EB}"
EndProject
Project("{2150E333-8FDC-42A3-9474-1A3956D46DE8}") = ".github", ".github", "{BB11FB83-1407-4C82-AA08-67D7BB5A106B}"
EndProject
Project("{2150E333-8FDC-42A3-9474-1A3956D46DE8}") = "ISSUE_TEMPLATE", "ISSUE_TEMPLATE", "{D74D033D-8E79-4CCD-9D07-7CD7CD2FEF49}"
	ProjectSection(SolutionItems) = preProject
		.github\ISSUE_TEMPLATE\bug_report.md = .github\ISSUE_TEMPLATE\bug_report.md
		.github\ISSUE_TEMPLATE\feature_request.md = .github\ISSUE_TEMPLATE\feature_request.md
	EndProjectSection
EndProject
Global
	GlobalSection(SolutionConfigurationPlatforms) = preSolution
		Debug|Any CPU = Debug|Any CPU
		Release|Any CPU = Release|Any CPU
	EndGlobalSection
	GlobalSection(ProjectConfigurationPlatforms) = postSolution
		{D3F1B2FB-0846-4003-8D2E-355273668F37}.Debug|Any CPU.ActiveCfg = Debug|Any CPU
		{D3F1B2FB-0846-4003-8D2E-355273668F37}.Debug|Any CPU.Build.0 = Debug|Any CPU
		{D3F1B2FB-0846-4003-8D2E-355273668F37}.Release|Any CPU.ActiveCfg = Release|Any CPU
		{D3F1B2FB-0846-4003-8D2E-355273668F37}.Release|Any CPU.Build.0 = Release|Any CPU
		{53A38611-6486-4FF5-8637-1C6BC38A6A18}.Debug|Any CPU.ActiveCfg = Debug|Any CPU
		{53A38611-6486-4FF5-8637-1C6BC38A6A18}.Debug|Any CPU.Build.0 = Debug|Any CPU
		{53A38611-6486-4FF5-8637-1C6BC38A6A18}.Release|Any CPU.ActiveCfg = Release|Any CPU
		{53A38611-6486-4FF5-8637-1C6BC38A6A18}.Release|Any CPU.Build.0 = Release|Any CPU
		{C217E7C3-4A14-457E-ABC8-180546369646}.Debug|Any CPU.ActiveCfg = Debug|Any CPU
		{C217E7C3-4A14-457E-ABC8-180546369646}.Debug|Any CPU.Build.0 = Debug|Any CPU
		{C217E7C3-4A14-457E-ABC8-180546369646}.Release|Any CPU.ActiveCfg = Release|Any CPU
		{C217E7C3-4A14-457E-ABC8-180546369646}.Release|Any CPU.Build.0 = Release|Any CPU
		{3A7D5537-16CD-4F3B-9630-CE480C1D30EB}.Debug|Any CPU.ActiveCfg = Debug|Any CPU
		{3A7D5537-16CD-4F3B-9630-CE480C1D30EB}.Debug|Any CPU.Build.0 = Debug|Any CPU
		{3A7D5537-16CD-4F3B-9630-CE480C1D30EB}.Release|Any CPU.ActiveCfg = Release|Any CPU
		{3A7D5537-16CD-4F3B-9630-CE480C1D30EB}.Release|Any CPU.Build.0 = Release|Any CPU
	EndGlobalSection
	GlobalSection(SolutionProperties) = preSolution
		HideSolutionNode = FALSE
	EndGlobalSection
	GlobalSection(NestedProjects) = preSolution
		{BB11FB83-1407-4C82-AA08-67D7BB5A106B} = {6DF0C85E-3EB4-4898-A304-EFA04CB547A6}
		{D74D033D-8E79-4CCD-9D07-7CD7CD2FEF49} = {BB11FB83-1407-4C82-AA08-67D7BB5A106B}
	EndGlobalSection
	GlobalSection(ExtensibilityGlobals) = postSolution
		SolutionGuid = {8A111C57-4F14-4766-94E9-EB7FC1180379}
	EndGlobalSection
EndGlobal
